// !$*UTF8*$!
{
	archiveVersion = 1;
	classes = {
	};
	objectVersion = 50;
	objects = {

/* Begin PBXBuildFile section */
		1036846F21D10B3C000477B5 /* TestHelper.swift in Sources */ = {isa = PBXBuildFile; fileRef = 1036846E21D10B3C000477B5 /* TestHelper.swift */; };
		1036847221D110B0000477B5 /* MockMovieClient.swift in Sources */ = {isa = PBXBuildFile; fileRef = 1036847121D110B0000477B5 /* MockMovieClient.swift */; };
		1036847621D11EAC000477B5 /* MockMovieRepository.swift in Sources */ = {isa = PBXBuildFile; fileRef = 1036847521D11EAC000477B5 /* MockMovieRepository.swift */; };
		1036847821D1219B000477B5 /* MockMovieRepositoryListener.swift in Sources */ = {isa = PBXBuildFile; fileRef = 1036847721D1219B000477B5 /* MockMovieRepositoryListener.swift */; };
		1036847A21D1228F000477B5 /* MovieListPresenterTests.swift in Sources */ = {isa = PBXBuildFile; fileRef = 1036847921D1228F000477B5 /* MovieListPresenterTests.swift */; };
		10401A9421CDA3EF00DC3815 /* MovieListPresenter.swift in Sources */ = {isa = PBXBuildFile; fileRef = 10401A9321CDA3EF00DC3815 /* MovieListPresenter.swift */; };
		10401A9921CDB46C00DC3815 /* UIImage+Extension.swift in Sources */ = {isa = PBXBuildFile; fileRef = 10401A9821CDB46C00DC3815 /* UIImage+Extension.swift */; };
		10538FAE21CE778D00D69BF2 /* CreateMovieViewController.swift in Sources */ = {isa = PBXBuildFile; fileRef = 10538FAD21CE778D00D69BF2 /* CreateMovieViewController.swift */; };
		10538FB021CE779B00D69BF2 /* CreateMoviePresenter.swift in Sources */ = {isa = PBXBuildFile; fileRef = 10538FAF21CE779B00D69BF2 /* CreateMoviePresenter.swift */; };
		10538FB221CE7C5200D69BF2 /* UIViewController+Extensios.swift in Sources */ = {isa = PBXBuildFile; fileRef = 10538FB121CE7C5200D69BF2 /* UIViewController+Extensios.swift */; };
		1056FDF821CCF9F800DCC489 /* AppDelegate.swift in Sources */ = {isa = PBXBuildFile; fileRef = 1056FDF721CCF9F800DCC489 /* AppDelegate.swift */; };
		1056FDFA21CCF9F800DCC489 /* MovieListViewController.swift in Sources */ = {isa = PBXBuildFile; fileRef = 1056FDF921CCF9F800DCC489 /* MovieListViewController.swift */; };
		1056FDFD21CCF9F800DCC489 /* Movies.storyboard in Resources */ = {isa = PBXBuildFile; fileRef = 1056FDFB21CCF9F800DCC489 /* Movies.storyboard */; };
		1056FDFF21CCF9FA00DCC489 /* Assets.xcassets in Resources */ = {isa = PBXBuildFile; fileRef = 1056FDFE21CCF9FA00DCC489 /* Assets.xcassets */; };
		1056FE1821CCF9FA00DCC489 /* Instabug_iOS_AssessmentUITests.swift in Sources */ = {isa = PBXBuildFile; fileRef = 1056FE1721CCF9FA00DCC489 /* Instabug_iOS_AssessmentUITests.swift */; };
		1056FE3C21CD599E00DCC489 /* Result.swift in Sources */ = {isa = PBXBuildFile; fileRef = 1056FE3B21CD599E00DCC489 /* Result.swift */; };
		1056FE3E21CD59CE00DCC489 /* EndPoint.swift in Sources */ = {isa = PBXBuildFile; fileRef = 1056FE3D21CD59CE00DCC489 /* EndPoint.swift */; };
		1056FE4021CD5A0400DCC489 /* APIClient.swift in Sources */ = {isa = PBXBuildFile; fileRef = 1056FE3F21CD5A0400DCC489 /* APIClient.swift */; };
		1056FE4221CD5A3000DCC489 /* MovieClient.swift in Sources */ = {isa = PBXBuildFile; fileRef = 1056FE4121CD5A3000DCC489 /* MovieClient.swift */; };
		1056FE4521CD5A8000DCC489 /* Movie.swift in Sources */ = {isa = PBXBuildFile; fileRef = 1056FE4421CD5A8000DCC489 /* Movie.swift */; };
		1056FE4721CD5A8F00DCC489 /* MovieResult.swift in Sources */ = {isa = PBXBuildFile; fileRef = 1056FE4621CD5A8F00DCC489 /* MovieResult.swift */; };
		1056FE4C21CD7C8300DCC489 /* MovieListCell.xib in Resources */ = {isa = PBXBuildFile; fileRef = 1056FE4B21CD7C8300DCC489 /* MovieListCell.xib */; };
		1056FE5021CD7CB500DCC489 /* MovieListCell.swift in Sources */ = {isa = PBXBuildFile; fileRef = 1056FE4F21CD7CB500DCC489 /* MovieListCell.swift */; };
		10DB323721D23A9400BB183A /* JsonDataExamble.json in Resources */ = {isa = PBXBuildFile; fileRef = 10DB323621D23A9400BB183A /* JsonDataExamble.json */; };
		10DB323921D260CB00BB183A /* MovieDataSourceTests.swift in Sources */ = {isa = PBXBuildFile; fileRef = 10DB323821D260CB00BB183A /* MovieDataSourceTests.swift */; };
		10DF97EE21CF09680040FF70 /* MovieRepository.swift in Sources */ = {isa = PBXBuildFile; fileRef = 10DF97ED21CF09680040FF70 /* MovieRepository.swift */; };
		10DF97F121CF09FE0040FF70 /* MovieAPIRepository.swift in Sources */ = {isa = PBXBuildFile; fileRef = 10DF97F021CF09FE0040FF70 /* MovieAPIRepository.swift */; };
		10DF97F321CF0A3E0040FF70 /* MovieInMemoryRepository.swift in Sources */ = {isa = PBXBuildFile; fileRef = 10DF97F221CF0A3E0040FF70 /* MovieInMemoryRepository.swift */; };
		10DF97F521CF0AC20040FF70 /* MovieProviderRepository.swift in Sources */ = {isa = PBXBuildFile; fileRef = 10DF97F421CF0AC20040FF70 /* MovieProviderRepository.swift */; };
		10E14D1F21CE89B700257619 /* ImagePickerManager.swift in Sources */ = {isa = PBXBuildFile; fileRef = 10E14D1E21CE89B700257619 /* ImagePickerManager.swift */; };
		10E14D2121CEA65300257619 /* MovieDataSource.swift in Sources */ = {isa = PBXBuildFile; fileRef = 10E14D2021CEA65300257619 /* MovieDataSource.swift */; };
		10E14D2721CED02A00257619 /* PosterURLConversion.swift in Sources */ = {isa = PBXBuildFile; fileRef = 10E14D2621CED02A00257619 /* PosterURLConversion.swift */; };
/* End PBXBuildFile section */

/* Begin PBXContainerItemProxy section */
		1056FE0921CCF9FA00DCC489 /* PBXContainerItemProxy */ = {
			isa = PBXContainerItemProxy;
			containerPortal = 1056FDEC21CCF9F800DCC489 /* Project object */;
			proxyType = 1;
			remoteGlobalIDString = 1056FDF321CCF9F800DCC489;
			remoteInfo = "Instabug-iOS-Assessment";
		};
		1056FE1421CCF9FA00DCC489 /* PBXContainerItemProxy */ = {
			isa = PBXContainerItemProxy;
			containerPortal = 1056FDEC21CCF9F800DCC489 /* Project object */;
			proxyType = 1;
			remoteGlobalIDString = 1056FDF321CCF9F800DCC489;
			remoteInfo = "Instabug-iOS-Assessment";
		};
/* End PBXContainerItemProxy section */

/* Begin PBXFileReference section */
		1036846E21D10B3C000477B5 /* TestHelper.swift */ = {isa = PBXFileReference; lastKnownFileType = sourcecode.swift; path = TestHelper.swift; sourceTree = "<group>"; };
		1036847121D110B0000477B5 /* MockMovieClient.swift */ = {isa = PBXFileReference; lastKnownFileType = sourcecode.swift; path = MockMovieClient.swift; sourceTree = "<group>"; };
		1036847521D11EAC000477B5 /* MockMovieRepository.swift */ = {isa = PBXFileReference; lastKnownFileType = sourcecode.swift; path = MockMovieRepository.swift; sourceTree = "<group>"; };
		1036847721D1219B000477B5 /* MockMovieRepositoryListener.swift */ = {isa = PBXFileReference; lastKnownFileType = sourcecode.swift; path = MockMovieRepositoryListener.swift; sourceTree = "<group>"; };
		1036847921D1228F000477B5 /* MovieListPresenterTests.swift */ = {isa = PBXFileReference; lastKnownFileType = sourcecode.swift; path = MovieListPresenterTests.swift; sourceTree = "<group>"; };
		10401A9321CDA3EF00DC3815 /* MovieListPresenter.swift */ = {isa = PBXFileReference; lastKnownFileType = sourcecode.swift; path = MovieListPresenter.swift; sourceTree = "<group>"; };
		10401A9821CDB46C00DC3815 /* UIImage+Extension.swift */ = {isa = PBXFileReference; lastKnownFileType = sourcecode.swift; path = "UIImage+Extension.swift"; sourceTree = "<group>"; };
		10538FAD21CE778D00D69BF2 /* CreateMovieViewController.swift */ = {isa = PBXFileReference; lastKnownFileType = sourcecode.swift; path = CreateMovieViewController.swift; sourceTree = "<group>"; };
		10538FAF21CE779B00D69BF2 /* CreateMoviePresenter.swift */ = {isa = PBXFileReference; lastKnownFileType = sourcecode.swift; path = CreateMoviePresenter.swift; sourceTree = "<group>"; };
		10538FB121CE7C5200D69BF2 /* UIViewController+Extensios.swift */ = {isa = PBXFileReference; lastKnownFileType = sourcecode.swift; path = "UIViewController+Extensios.swift"; sourceTree = "<group>"; };
		1056FDF421CCF9F800DCC489 /* Instabug-iOS-Assessment.app */ = {isa = PBXFileReference; explicitFileType = wrapper.application; includeInIndex = 0; path = "Instabug-iOS-Assessment.app"; sourceTree = BUILT_PRODUCTS_DIR; };
		1056FDF721CCF9F800DCC489 /* AppDelegate.swift */ = {isa = PBXFileReference; lastKnownFileType = sourcecode.swift; path = AppDelegate.swift; sourceTree = "<group>"; };
		1056FDF921CCF9F800DCC489 /* MovieListViewController.swift */ = {isa = PBXFileReference; lastKnownFileType = sourcecode.swift; path = MovieListViewController.swift; sourceTree = "<group>"; };
		1056FDFC21CCF9F800DCC489 /* Base */ = {isa = PBXFileReference; lastKnownFileType = file.storyboard; name = Base; path = Base.lproj/Movies.storyboard; sourceTree = "<group>"; };
		1056FDFE21CCF9FA00DCC489 /* Assets.xcassets */ = {isa = PBXFileReference; lastKnownFileType = folder.assetcatalog; path = Assets.xcassets; sourceTree = "<group>"; };
		1056FE0321CCF9FA00DCC489 /* Info.plist */ = {isa = PBXFileReference; lastKnownFileType = text.plist.xml; path = Info.plist; sourceTree = "<group>"; };
		1056FE0821CCF9FA00DCC489 /* Instabug-iOS-AssessmentTests.xctest */ = {isa = PBXFileReference; explicitFileType = wrapper.cfbundle; includeInIndex = 0; path = "Instabug-iOS-AssessmentTests.xctest"; sourceTree = BUILT_PRODUCTS_DIR; };
		1056FE0E21CCF9FA00DCC489 /* Info.plist */ = {isa = PBXFileReference; lastKnownFileType = text.plist.xml; path = Info.plist; sourceTree = "<group>"; };
		1056FE1321CCF9FA00DCC489 /* Instabug-iOS-AssessmentUITests.xctest */ = {isa = PBXFileReference; explicitFileType = wrapper.cfbundle; includeInIndex = 0; path = "Instabug-iOS-AssessmentUITests.xctest"; sourceTree = BUILT_PRODUCTS_DIR; };
		1056FE1721CCF9FA00DCC489 /* Instabug_iOS_AssessmentUITests.swift */ = {isa = PBXFileReference; lastKnownFileType = sourcecode.swift; path = Instabug_iOS_AssessmentUITests.swift; sourceTree = "<group>"; };
		1056FE1921CCF9FA00DCC489 /* Info.plist */ = {isa = PBXFileReference; lastKnownFileType = text.plist.xml; path = Info.plist; sourceTree = "<group>"; };
		1056FE3B21CD599E00DCC489 /* Result.swift */ = {isa = PBXFileReference; lastKnownFileType = sourcecode.swift; path = Result.swift; sourceTree = "<group>"; };
		1056FE3D21CD59CE00DCC489 /* EndPoint.swift */ = {isa = PBXFileReference; lastKnownFileType = sourcecode.swift; path = EndPoint.swift; sourceTree = "<group>"; };
		1056FE3F21CD5A0400DCC489 /* APIClient.swift */ = {isa = PBXFileReference; lastKnownFileType = sourcecode.swift; path = APIClient.swift; sourceTree = "<group>"; };
		1056FE4121CD5A3000DCC489 /* MovieClient.swift */ = {isa = PBXFileReference; lastKnownFileType = sourcecode.swift; path = MovieClient.swift; sourceTree = "<group>"; };
		1056FE4421CD5A8000DCC489 /* Movie.swift */ = {isa = PBXFileReference; lastKnownFileType = sourcecode.swift; path = Movie.swift; sourceTree = "<group>"; };
		1056FE4621CD5A8F00DCC489 /* MovieResult.swift */ = {isa = PBXFileReference; lastKnownFileType = sourcecode.swift; path = MovieResult.swift; sourceTree = "<group>"; };
		1056FE4B21CD7C8300DCC489 /* MovieListCell.xib */ = {isa = PBXFileReference; lastKnownFileType = file.xib; path = MovieListCell.xib; sourceTree = "<group>"; };
		1056FE4F21CD7CB500DCC489 /* MovieListCell.swift */ = {isa = PBXFileReference; lastKnownFileType = sourcecode.swift; path = MovieListCell.swift; sourceTree = "<group>"; };
		10DB323621D23A9400BB183A /* JsonDataExamble.json */ = {isa = PBXFileReference; lastKnownFileType = text.json; path = JsonDataExamble.json; sourceTree = "<group>"; xcLanguageSpecificationIdentifier = xcode.lang.json; };
		10DB323821D260CB00BB183A /* MovieDataSourceTests.swift */ = {isa = PBXFileReference; lastKnownFileType = sourcecode.swift; path = MovieDataSourceTests.swift; sourceTree = "<group>"; };
		10DF97ED21CF09680040FF70 /* MovieRepository.swift */ = {isa = PBXFileReference; lastKnownFileType = sourcecode.swift; path = MovieRepository.swift; sourceTree = "<group>"; };
		10DF97F021CF09FE0040FF70 /* MovieAPIRepository.swift */ = {isa = PBXFileReference; lastKnownFileType = sourcecode.swift; path = MovieAPIRepository.swift; sourceTree = "<group>"; };
		10DF97F221CF0A3E0040FF70 /* MovieInMemoryRepository.swift */ = {isa = PBXFileReference; lastKnownFileType = sourcecode.swift; path = MovieInMemoryRepository.swift; sourceTree = "<group>"; };
		10DF97F421CF0AC20040FF70 /* MovieProviderRepository.swift */ = {isa = PBXFileReference; lastKnownFileType = sourcecode.swift; path = MovieProviderRepository.swift; sourceTree = "<group>"; };
		10E14D1E21CE89B700257619 /* ImagePickerManager.swift */ = {isa = PBXFileReference; lastKnownFileType = sourcecode.swift; path = ImagePickerManager.swift; sourceTree = "<group>"; };
		10E14D2021CEA65300257619 /* MovieDataSource.swift */ = {isa = PBXFileReference; lastKnownFileType = sourcecode.swift; path = MovieDataSource.swift; sourceTree = "<group>"; };
		10E14D2621CED02A00257619 /* PosterURLConversion.swift */ = {isa = PBXFileReference; lastKnownFileType = sourcecode.swift; path = PosterURLConversion.swift; sourceTree = "<group>"; };
/* End PBXFileReference section */

/* Begin PBXFrameworksBuildPhase section */
		1056FDF121CCF9F800DCC489 /* Frameworks */ = {
			isa = PBXFrameworksBuildPhase;
			buildActionMask = 2147483647;
			files = (
			);
			runOnlyForDeploymentPostprocessing = 0;
		};
		1056FE0521CCF9FA00DCC489 /* Frameworks */ = {
			isa = PBXFrameworksBuildPhase;
			buildActionMask = 2147483647;
			files = (
			);
			runOnlyForDeploymentPostprocessing = 0;
		};
		1056FE1021CCF9FA00DCC489 /* Frameworks */ = {
			isa = PBXFrameworksBuildPhase;
			buildActionMask = 2147483647;
			files = (
			);
			runOnlyForDeploymentPostprocessing = 0;
		};
/* End PBXFrameworksBuildPhase section */

/* Begin PBXGroup section */
		1036847021D10FDB000477B5 /* Repository */ = {
			isa = PBXGroup;
			children = (
				1036847721D1219B000477B5 /* MockMovieRepositoryListener.swift */,
				1036847121D110B0000477B5 /* MockMovieClient.swift */,
				1036847521D11EAC000477B5 /* MockMovieRepository.swift */,
			);
			path = Repository;
			sourceTree = "<group>";
		};
		10401A9721CDB44A00DC3815 /* Extentions */ = {
			isa = PBXGroup;
			children = (
				10401A9821CDB46C00DC3815 /* UIImage+Extension.swift */,
				10538FB121CE7C5200D69BF2 /* UIViewController+Extensios.swift */,
			);
			path = Extentions;
			sourceTree = "<group>";
		};
		1056FDEB21CCF9F800DCC489 = {
			isa = PBXGroup;
			children = (
				1056FDF621CCF9F800DCC489 /* Instabug-iOS-Assessment */,
				1056FE0B21CCF9FA00DCC489 /* Instabug-iOS-AssessmentTests */,
				1056FE1621CCF9FA00DCC489 /* Instabug-iOS-AssessmentUITests */,
				1056FDF521CCF9F800DCC489 /* Products */,
			);
			sourceTree = "<group>";
		};
		1056FDF521CCF9F800DCC489 /* Products */ = {
			isa = PBXGroup;
			children = (
				1056FDF421CCF9F800DCC489 /* Instabug-iOS-Assessment.app */,
				1056FE0821CCF9FA00DCC489 /* Instabug-iOS-AssessmentTests.xctest */,
				1056FE1321CCF9FA00DCC489 /* Instabug-iOS-AssessmentUITests.xctest */,
			);
			name = Products;
			sourceTree = "<group>";
		};
		1056FDF621CCF9F800DCC489 /* Instabug-iOS-Assessment */ = {
			isa = PBXGroup;
			children = (
				1056FE4A21CD7BC700DCC489 /* ViewCells */,
				10E14D2521CECF9B00257619 /* Utilities */,
				10E14D2421CECF8A00257619 /* ViewController */,
				1056FE4921CD7BA500DCC489 /* ViewPresenter */,
				1056FE4821CD7B8B00DCC489 /* StoryBoard */,
				1056FE4321CD5A6F00DCC489 /* Model */,
				1056FE3A21CD598400DCC489 /* Networking */,
				10401A9721CDB44A00DC3815 /* Extentions */,
				1056FDF721CCF9F800DCC489 /* AppDelegate.swift */,
				1056FDFE21CCF9FA00DCC489 /* Assets.xcassets */,
				1056FE0321CCF9FA00DCC489 /* Info.plist */,
			);
			path = "Instabug-iOS-Assessment";
			sourceTree = "<group>";
		};
		1056FE0B21CCF9FA00DCC489 /* Instabug-iOS-AssessmentTests */ = {
			isa = PBXGroup;
			children = (
				1036847021D10FDB000477B5 /* Repository */,
				1056FE0E21CCF9FA00DCC489 /* Info.plist */,
				10DB323621D23A9400BB183A /* JsonDataExamble.json */,
				1036846E21D10B3C000477B5 /* TestHelper.swift */,
				1036847921D1228F000477B5 /* MovieListPresenterTests.swift */,
				10DB323821D260CB00BB183A /* MovieDataSourceTests.swift */,
			);
			path = "Instabug-iOS-AssessmentTests";
			sourceTree = "<group>";
		};
		1056FE1621CCF9FA00DCC489 /* Instabug-iOS-AssessmentUITests */ = {
			isa = PBXGroup;
			children = (
				1056FE1721CCF9FA00DCC489 /* Instabug_iOS_AssessmentUITests.swift */,
				1056FE1921CCF9FA00DCC489 /* Info.plist */,
			);
			path = "Instabug-iOS-AssessmentUITests";
			sourceTree = "<group>";
		};
		1056FE3A21CD598400DCC489 /* Networking */ = {
			isa = PBXGroup;
			children = (
				1056FE3B21CD599E00DCC489 /* Result.swift */,
				1056FE3D21CD59CE00DCC489 /* EndPoint.swift */,
				1056FE3F21CD5A0400DCC489 /* APIClient.swift */,
				1056FE4121CD5A3000DCC489 /* MovieClient.swift */,
			);
			path = Networking;
			sourceTree = "<group>";
		};
		1056FE4321CD5A6F00DCC489 /* Model */ = {
			isa = PBXGroup;
			children = (
				10DF97EF21CF09C30040FF70 /* Repositories */,
				10C2819C21D0032300A31F92 /* Data */,
			);
			path = Model;
			sourceTree = "<group>";
		};
		1056FE4821CD7B8B00DCC489 /* StoryBoard */ = {
			isa = PBXGroup;
			children = (
				1056FDFB21CCF9F800DCC489 /* Movies.storyboard */,
			);
			path = StoryBoard;
			sourceTree = "<group>";
		};
		1056FE4921CD7BA500DCC489 /* ViewPresenter */ = {
			isa = PBXGroup;
			children = (
				10401A9321CDA3EF00DC3815 /* MovieListPresenter.swift */,
				10538FAF21CE779B00D69BF2 /* CreateMoviePresenter.swift */,
				10E14D2021CEA65300257619 /* MovieDataSource.swift */,
			);
			path = ViewPresenter;
			sourceTree = "<group>";
		};
		1056FE4A21CD7BC700DCC489 /* ViewCells */ = {
			isa = PBXGroup;
			children = (
				1056FE4B21CD7C8300DCC489 /* MovieListCell.xib */,
				1056FE4F21CD7CB500DCC489 /* MovieListCell.swift */,
			);
			path = ViewCells;
			sourceTree = "<group>";
		};
		10C2819C21D0032300A31F92 /* Data */ = {
			isa = PBXGroup;
			children = (
				1056FE4421CD5A8000DCC489 /* Movie.swift */,
				1056FE4621CD5A8F00DCC489 /* MovieResult.swift */,
			);
			path = Data;
			sourceTree = "<group>";
		};
		10DF97EF21CF09C30040FF70 /* Repositories */ = {
			isa = PBXGroup;
			children = (
				10DF97ED21CF09680040FF70 /* MovieRepository.swift */,
				10DF97F021CF09FE0040FF70 /* MovieAPIRepository.swift */,
				10DF97F221CF0A3E0040FF70 /* MovieInMemoryRepository.swift */,
				10DF97F421CF0AC20040FF70 /* MovieProviderRepository.swift */,
			);
			path = Repositories;
			sourceTree = "<group>";
		};
		10E14D2421CECF8A00257619 /* ViewController */ = {
			isa = PBXGroup;
			children = (
				1056FDF921CCF9F800DCC489 /* MovieListViewController.swift */,
				10538FAD21CE778D00D69BF2 /* CreateMovieViewController.swift */,
			);
			path = ViewController;
			sourceTree = "<group>";
		};
		10E14D2521CECF9B00257619 /* Utilities */ = {
			isa = PBXGroup;
			children = (
				10E14D1E21CE89B700257619 /* ImagePickerManager.swift */,
				10E14D2621CED02A00257619 /* PosterURLConversion.swift */,
			);
			path = Utilities;
			sourceTree = "<group>";
		};
/* End PBXGroup section */

/* Begin PBXNativeTarget section */
		1056FDF321CCF9F800DCC489 /* Instabug-iOS-Assessment */ = {
			isa = PBXNativeTarget;
			buildConfigurationList = 1056FE1C21CCF9FA00DCC489 /* Build configuration list for PBXNativeTarget "Instabug-iOS-Assessment" */;
			buildPhases = (
				1056FDF021CCF9F800DCC489 /* Sources */,
				1056FDF121CCF9F800DCC489 /* Frameworks */,
				1056FDF221CCF9F800DCC489 /* Resources */,
			);
			buildRules = (
			);
			dependencies = (
			);
			name = "Instabug-iOS-Assessment";
			productName = "Instabug-iOS-Assessment";
			productReference = 1056FDF421CCF9F800DCC489 /* Instabug-iOS-Assessment.app */;
			productType = "com.apple.product-type.application";
		};
		1056FE0721CCF9FA00DCC489 /* Instabug-iOS-AssessmentTests */ = {
			isa = PBXNativeTarget;
			buildConfigurationList = 1056FE1F21CCF9FA00DCC489 /* Build configuration list for PBXNativeTarget "Instabug-iOS-AssessmentTests" */;
			buildPhases = (
				1056FE0421CCF9FA00DCC489 /* Sources */,
				1056FE0521CCF9FA00DCC489 /* Frameworks */,
				1056FE0621CCF9FA00DCC489 /* Resources */,
			);
			buildRules = (
			);
			dependencies = (
				1056FE0A21CCF9FA00DCC489 /* PBXTargetDependency */,
			);
			name = "Instabug-iOS-AssessmentTests";
			productName = "Instabug-iOS-AssessmentTests";
			productReference = 1056FE0821CCF9FA00DCC489 /* Instabug-iOS-AssessmentTests.xctest */;
			productType = "com.apple.product-type.bundle.unit-test";
		};
		1056FE1221CCF9FA00DCC489 /* Instabug-iOS-AssessmentUITests */ = {
			isa = PBXNativeTarget;
			buildConfigurationList = 1056FE2221CCF9FA00DCC489 /* Build configuration list for PBXNativeTarget "Instabug-iOS-AssessmentUITests" */;
			buildPhases = (
				1056FE0F21CCF9FA00DCC489 /* Sources */,
				1056FE1021CCF9FA00DCC489 /* Frameworks */,
				1056FE1121CCF9FA00DCC489 /* Resources */,
			);
			buildRules = (
			);
			dependencies = (
				1056FE1521CCF9FA00DCC489 /* PBXTargetDependency */,
			);
			name = "Instabug-iOS-AssessmentUITests";
			productName = "Instabug-iOS-AssessmentUITests";
			productReference = 1056FE1321CCF9FA00DCC489 /* Instabug-iOS-AssessmentUITests.xctest */;
			productType = "com.apple.product-type.bundle.ui-testing";
		};
/* End PBXNativeTarget section */

/* Begin PBXProject section */
		1056FDEC21CCF9F800DCC489 /* Project object */ = {
			isa = PBXProject;
			attributes = {
				LastSwiftUpdateCheck = 1000;
				LastUpgradeCheck = 1000;
				ORGANIZATIONNAME = "ahmed mahdy";
				TargetAttributes = {
					1056FDF321CCF9F800DCC489 = {
						CreatedOnToolsVersion = 10.0;
					};
					1056FE0721CCF9FA00DCC489 = {
						CreatedOnToolsVersion = 10.0;
						TestTargetID = 1056FDF321CCF9F800DCC489;
					};
					1056FE1221CCF9FA00DCC489 = {
						CreatedOnToolsVersion = 10.0;
						TestTargetID = 1056FDF321CCF9F800DCC489;
					};
				};
			};
			buildConfigurationList = 1056FDEF21CCF9F800DCC489 /* Build configuration list for PBXProject "Instabug-iOS-Assessment" */;
			compatibilityVersion = "Xcode 9.3";
			developmentRegion = en;
			hasScannedForEncodings = 0;
			knownRegions = (
				en,
				Base,
			);
			mainGroup = 1056FDEB21CCF9F800DCC489;
			productRefGroup = 1056FDF521CCF9F800DCC489 /* Products */;
			projectDirPath = "";
			projectRoot = "";
			targets = (
				1056FDF321CCF9F800DCC489 /* Instabug-iOS-Assessment */,
				1056FE0721CCF9FA00DCC489 /* Instabug-iOS-AssessmentTests */,
				1056FE1221CCF9FA00DCC489 /* Instabug-iOS-AssessmentUITests */,
			);
		};
/* End PBXProject section */

/* Begin PBXResourcesBuildPhase section */
		1056FDF221CCF9F800DCC489 /* Resources */ = {
			isa = PBXResourcesBuildPhase;
			buildActionMask = 2147483647;
			files = (
				1056FDFF21CCF9FA00DCC489 /* Assets.xcassets in Resources */,
				1056FE4C21CD7C8300DCC489 /* MovieListCell.xib in Resources */,
				1056FDFD21CCF9F800DCC489 /* Movies.storyboard in Resources */,
			);
			runOnlyForDeploymentPostprocessing = 0;
		};
		1056FE0621CCF9FA00DCC489 /* Resources */ = {
			isa = PBXResourcesBuildPhase;
			buildActionMask = 2147483647;
			files = (
				10DB323721D23A9400BB183A /* JsonDataExamble.json in Resources */,
			);
			runOnlyForDeploymentPostprocessing = 0;
		};
		1056FE1121CCF9FA00DCC489 /* Resources */ = {
			isa = PBXResourcesBuildPhase;
			buildActionMask = 2147483647;
			files = (
			);
			runOnlyForDeploymentPostprocessing = 0;
		};
/* End PBXResourcesBuildPhase section */

/* Begin PBXSourcesBuildPhase section */
		1056FDF021CCF9F800DCC489 /* Sources */ = {
			isa = PBXSourcesBuildPhase;
			buildActionMask = 2147483647;
			files = (
				1056FE4521CD5A8000DCC489 /* Movie.swift in Sources */,
				1056FE3C21CD599E00DCC489 /* Result.swift in Sources */,
				1056FE4221CD5A3000DCC489 /* MovieClient.swift in Sources */,
				1056FE4721CD5A8F00DCC489 /* MovieResult.swift in Sources */,
				1056FDFA21CCF9F800DCC489 /* MovieListViewController.swift in Sources */,
				10DF97F321CF0A3E0040FF70 /* MovieInMemoryRepository.swift in Sources */,
				10DF97F121CF09FE0040FF70 /* MovieAPIRepository.swift in Sources */,
				10538FAE21CE778D00D69BF2 /* CreateMovieViewController.swift in Sources */,
				10401A9921CDB46C00DC3815 /* UIImage+Extension.swift in Sources */,
				10538FB021CE779B00D69BF2 /* CreateMoviePresenter.swift in Sources */,
				10538FB221CE7C5200D69BF2 /* UIViewController+Extensios.swift in Sources */,
				10E14D2721CED02A00257619 /* PosterURLConversion.swift in Sources */,
				1056FE3E21CD59CE00DCC489 /* EndPoint.swift in Sources */,
				1056FE4021CD5A0400DCC489 /* APIClient.swift in Sources */,
				10E14D2121CEA65300257619 /* MovieDataSource.swift in Sources */,
				10DF97EE21CF09680040FF70 /* MovieRepository.swift in Sources */,
				10DF97F521CF0AC20040FF70 /* MovieProviderRepository.swift in Sources */,
				10E14D1F21CE89B700257619 /* ImagePickerManager.swift in Sources */,
				1056FDF821CCF9F800DCC489 /* AppDelegate.swift in Sources */,
				10401A9421CDA3EF00DC3815 /* MovieListPresenter.swift in Sources */,
				1056FE5021CD7CB500DCC489 /* MovieListCell.swift in Sources */,
			);
			runOnlyForDeploymentPostprocessing = 0;
		};
		1056FE0421CCF9FA00DCC489 /* Sources */ = {
			isa = PBXSourcesBuildPhase;
			buildActionMask = 2147483647;
			files = (
				10DB323921D260CB00BB183A /* MovieDataSourceTests.swift in Sources */,
				1036846F21D10B3C000477B5 /* TestHelper.swift in Sources */,
				1036847621D11EAC000477B5 /* MockMovieRepository.swift in Sources */,
				1036847A21D1228F000477B5 /* MovieListPresenterTests.swift in Sources */,
				1036847821D1219B000477B5 /* MockMovieRepositoryListener.swift in Sources */,
				1036847221D110B0000477B5 /* MockMovieClient.swift in Sources */,
			);
			runOnlyForDeploymentPostprocessing = 0;
		};
		1056FE0F21CCF9FA00DCC489 /* Sources */ = {
			isa = PBXSourcesBuildPhase;
			buildActionMask = 2147483647;
			files = (
				1056FE1821CCF9FA00DCC489 /* Instabug_iOS_AssessmentUITests.swift in Sources */,
			);
			runOnlyForDeploymentPostprocessing = 0;
		};
/* End PBXSourcesBuildPhase section */

/* Begin PBXTargetDependency section */
		1056FE0A21CCF9FA00DCC489 /* PBXTargetDependency */ = {
			isa = PBXTargetDependency;
			target = 1056FDF321CCF9F800DCC489 /* Instabug-iOS-Assessment */;
			targetProxy = 1056FE0921CCF9FA00DCC489 /* PBXContainerItemProxy */;
		};
		1056FE1521CCF9FA00DCC489 /* PBXTargetDependency */ = {
			isa = PBXTargetDependency;
			target = 1056FDF321CCF9F800DCC489 /* Instabug-iOS-Assessment */;
			targetProxy = 1056FE1421CCF9FA00DCC489 /* PBXContainerItemProxy */;
		};
/* End PBXTargetDependency section */

/* Begin PBXVariantGroup section */
		1056FDFB21CCF9F800DCC489 /* Movies.storyboard */ = {
			isa = PBXVariantGroup;
			children = (
				1056FDFC21CCF9F800DCC489 /* Base */,
			);
			name = Movies.storyboard;
			sourceTree = "<group>";
		};
/* End PBXVariantGroup section */

/* Begin XCBuildConfiguration section */
		1056FE1A21CCF9FA00DCC489 /* Debug */ = {
			isa = XCBuildConfiguration;
			buildSettings = {
				ALWAYS_SEARCH_USER_PATHS = NO;
				CLANG_ANALYZER_NONNULL = YES;
				CLANG_ANALYZER_NUMBER_OBJECT_CONVERSION = YES_AGGRESSIVE;
				CLANG_CXX_LANGUAGE_STANDARD = "gnu++14";
				CLANG_CXX_LIBRARY = "libc++";
				CLANG_ENABLE_MODULES = YES;
				CLANG_ENABLE_OBJC_ARC = YES;
				CLANG_ENABLE_OBJC_WEAK = YES;
				CLANG_WARN_BLOCK_CAPTURE_AUTORELEASING = YES;
				CLANG_WARN_BOOL_CONVERSION = YES;
				CLANG_WARN_COMMA = YES;
				CLANG_WARN_CONSTANT_CONVERSION = YES;
				CLANG_WARN_DEPRECATED_OBJC_IMPLEMENTATIONS = YES;
				CLANG_WARN_DIRECT_OBJC_ISA_USAGE = YES_ERROR;
				CLANG_WARN_DOCUMENTATION_COMMENTS = YES;
				CLANG_WARN_EMPTY_BODY = YES;
				CLANG_WARN_ENUM_CONVERSION = YES;
				CLANG_WARN_INFINITE_RECURSION = YES;
				CLANG_WARN_INT_CONVERSION = YES;
				CLANG_WARN_NON_LITERAL_NULL_CONVERSION = YES;
				CLANG_WARN_OBJC_IMPLICIT_RETAIN_SELF = YES;
				CLANG_WARN_OBJC_LITERAL_CONVERSION = YES;
				CLANG_WARN_OBJC_ROOT_CLASS = YES_ERROR;
				CLANG_WARN_RANGE_LOOP_ANALYSIS = YES;
				CLANG_WARN_STRICT_PROTOTYPES = YES;
				CLANG_WARN_SUSPICIOUS_MOVE = YES;
				CLANG_WARN_UNGUARDED_AVAILABILITY = YES_AGGRESSIVE;
				CLANG_WARN_UNREACHABLE_CODE = YES;
				CLANG_WARN__DUPLICATE_METHOD_MATCH = YES;
				CODE_SIGN_IDENTITY = "iPhone Developer";
				COPY_PHASE_STRIP = NO;
				DEBUG_INFORMATION_FORMAT = dwarf;
				ENABLE_STRICT_OBJC_MSGSEND = YES;
				ENABLE_TESTABILITY = YES;
				GCC_C_LANGUAGE_STANDARD = gnu11;
				GCC_DYNAMIC_NO_PIC = NO;
				GCC_NO_COMMON_BLOCKS = YES;
				GCC_OPTIMIZATION_LEVEL = 0;
				GCC_PREPROCESSOR_DEFINITIONS = (
					"DEBUG=1",
					"$(inherited)",
				);
				GCC_WARN_64_TO_32_BIT_CONVERSION = YES;
				GCC_WARN_ABOUT_RETURN_TYPE = YES_ERROR;
				GCC_WARN_UNDECLARED_SELECTOR = YES;
				GCC_WARN_UNINITIALIZED_AUTOS = YES_AGGRESSIVE;
				GCC_WARN_UNUSED_FUNCTION = YES;
				GCC_WARN_UNUSED_VARIABLE = YES;
				IPHONEOS_DEPLOYMENT_TARGET = 12.0;
				MTL_ENABLE_DEBUG_INFO = INCLUDE_SOURCE;
				MTL_FAST_MATH = YES;
				ONLY_ACTIVE_ARCH = YES;
				SDKROOT = iphoneos;
				SWIFT_ACTIVE_COMPILATION_CONDITIONS = DEBUG;
				SWIFT_OPTIMIZATION_LEVEL = "-Onone";
			};
			name = Debug;
		};
		1056FE1B21CCF9FA00DCC489 /* Release */ = {
			isa = XCBuildConfiguration;
			buildSettings = {
				ALWAYS_SEARCH_USER_PATHS = NO;
				CLANG_ANALYZER_NONNULL = YES;
				CLANG_ANALYZER_NUMBER_OBJECT_CONVERSION = YES_AGGRESSIVE;
				CLANG_CXX_LANGUAGE_STANDARD = "gnu++14";
				CLANG_CXX_LIBRARY = "libc++";
				CLANG_ENABLE_MODULES = YES;
				CLANG_ENABLE_OBJC_ARC = YES;
				CLANG_ENABLE_OBJC_WEAK = YES;
				CLANG_WARN_BLOCK_CAPTURE_AUTORELEASING = YES;
				CLANG_WARN_BOOL_CONVERSION = YES;
				CLANG_WARN_COMMA = YES;
				CLANG_WARN_CONSTANT_CONVERSION = YES;
				CLANG_WARN_DEPRECATED_OBJC_IMPLEMENTATIONS = YES;
				CLANG_WARN_DIRECT_OBJC_ISA_USAGE = YES_ERROR;
				CLANG_WARN_DOCUMENTATION_COMMENTS = YES;
				CLANG_WARN_EMPTY_BODY = YES;
				CLANG_WARN_ENUM_CONVERSION = YES;
				CLANG_WARN_INFINITE_RECURSION = YES;
				CLANG_WARN_INT_CONVERSION = YES;
				CLANG_WARN_NON_LITERAL_NULL_CONVERSION = YES;
				CLANG_WARN_OBJC_IMPLICIT_RETAIN_SELF = YES;
				CLANG_WARN_OBJC_LITERAL_CONVERSION = YES;
				CLANG_WARN_OBJC_ROOT_CLASS = YES_ERROR;
				CLANG_WARN_RANGE_LOOP_ANALYSIS = YES;
				CLANG_WARN_STRICT_PROTOTYPES = YES;
				CLANG_WARN_SUSPICIOUS_MOVE = YES;
				CLANG_WARN_UNGUARDED_AVAILABILITY = YES_AGGRESSIVE;
				CLANG_WARN_UNREACHABLE_CODE = YES;
				CLANG_WARN__DUPLICATE_METHOD_MATCH = YES;
				CODE_SIGN_IDENTITY = "iPhone Developer";
				COPY_PHASE_STRIP = NO;
				DEBUG_INFORMATION_FORMAT = "dwarf-with-dsym";
				ENABLE_NS_ASSERTIONS = NO;
				ENABLE_STRICT_OBJC_MSGSEND = YES;
				GCC_C_LANGUAGE_STANDARD = gnu11;
				GCC_NO_COMMON_BLOCKS = YES;
				GCC_WARN_64_TO_32_BIT_CONVERSION = YES;
				GCC_WARN_ABOUT_RETURN_TYPE = YES_ERROR;
				GCC_WARN_UNDECLARED_SELECTOR = YES;
				GCC_WARN_UNINITIALIZED_AUTOS = YES_AGGRESSIVE;
				GCC_WARN_UNUSED_FUNCTION = YES;
				GCC_WARN_UNUSED_VARIABLE = YES;
				IPHONEOS_DEPLOYMENT_TARGET = 12.0;
				MTL_ENABLE_DEBUG_INFO = NO;
				MTL_FAST_MATH = YES;
				SDKROOT = iphoneos;
				SWIFT_COMPILATION_MODE = wholemodule;
				SWIFT_OPTIMIZATION_LEVEL = "-O";
				VALIDATE_PRODUCT = YES;
			};
			name = Release;
		};
		1056FE1D21CCF9FA00DCC489 /* Debug */ = {
			isa = XCBuildConfiguration;
			buildSettings = {
				ASSETCATALOG_COMPILER_APPICON_NAME = AppIcon;
				CODE_SIGN_STYLE = Automatic;
				DEVELOPMENT_TEAM = SCDFL8US66;
				INFOPLIST_FILE = "Instabug-iOS-Assessment/Info.plist";
				LD_RUNPATH_SEARCH_PATHS = (
					"$(inherited)",
					"@executable_path/Frameworks",
				);
				PRODUCT_BUNDLE_IDENTIFIER = "Instabug.Instabug-iOS-Assessment";
				PRODUCT_NAME = "$(TARGET_NAME)";
				SWIFT_VERSION = 4.2;
				TARGETED_DEVICE_FAMILY = "1,2";
			};
			name = Debug;
		};
		1056FE1E21CCF9FA00DCC489 /* Release */ = {
			isa = XCBuildConfiguration;
			buildSettings = {
				ASSETCATALOG_COMPILER_APPICON_NAME = AppIcon;
				CODE_SIGN_STYLE = Automatic;
				DEVELOPMENT_TEAM = SCDFL8US66;
				INFOPLIST_FILE = "Instabug-iOS-Assessment/Info.plist";
				LD_RUNPATH_SEARCH_PATHS = (
					"$(inherited)",
					"@executable_path/Frameworks",
				);
				PRODUCT_BUNDLE_IDENTIFIER = "Instabug.Instabug-iOS-Assessment";
				PRODUCT_NAME = "$(TARGET_NAME)";
				SWIFT_VERSION = 4.2;
				TARGETED_DEVICE_FAMILY = "1,2";
			};
			name = Release;
		};
		1056FE2021CCF9FA00DCC489 /* Debug */ = {
			isa = XCBuildConfiguration;
			buildSettings = {
				ALWAYS_EMBED_SWIFT_STANDARD_LIBRARIES = YES;
				BUNDLE_LOADER = "$(TEST_HOST)";
				CODE_SIGN_STYLE = Automatic;
				DEVELOPMENT_TEAM = SCDFL8US66;
				INFOPLIST_FILE = "Instabug-iOS-AssessmentTests/Info.plist";
				LD_RUNPATH_SEARCH_PATHS = (
					"$(inherited)",
					"@executable_path/Frameworks",
					"@loader_path/Frameworks",
				);
				PRODUCT_BUNDLE_IDENTIFIER = "Instabug.Instabug-iOS-AssessmentTests";
				PRODUCT_NAME = "$(TARGET_NAME)";
				SWIFT_VERSION = 4.2;
				TARGETED_DEVICE_FAMILY = "1,2";
				TEST_HOST = "$(BUILT_PRODUCTS_DIR)/Instabug-iOS-Assessment.app/Instabug-iOS-Assessment";
			};
			name = Debug;
		};
		1056FE2121CCF9FA00DCC489 /* Release */ = {
			isa = XCBuildConfiguration;
			buildSettings = {
				ALWAYS_EMBED_SWIFT_STANDARD_LIBRARIES = YES;
				BUNDLE_LOADER = "$(TEST_HOST)";
				CODE_SIGN_STYLE = Automatic;
				DEVELOPMENT_TEAM = SCDFL8US66;
				INFOPLIST_FILE = "Instabug-iOS-AssessmentTests/Info.plist";
				LD_RUNPATH_SEARCH_PATHS = (
					"$(inherited)",
					"@executable_path/Frameworks",
					"@loader_path/Frameworks",
				);
				PRODUCT_BUNDLE_IDENTIFIER = "Instabug.Instabug-iOS-AssessmentTests";
				PRODUCT_NAME = "$(TARGET_NAME)";
				SWIFT_VERSION = 4.2;
				TARGETED_DEVICE_FAMILY = "1,2";
				TEST_HOST = "$(BUILT_PRODUCTS_DIR)/Instabug-iOS-Assessment.app/Instabug-iOS-Assessment";
			};
			name = Release;
		};
		1056FE2321CCF9FA00DCC489 /* Debug */ = {
			isa = XCBuildConfiguration;
			buildSettings = {
				ALWAYS_EMBED_SWIFT_STANDARD_LIBRARIES = YES;
				CODE_SIGN_STYLE = Automatic;
				DEVELOPMENT_TEAM = SCDFL8US66;
				INFOPLIST_FILE = "Instabug-iOS-AssessmentUITests/Info.plist";
				LD_RUNPATH_SEARCH_PATHS = (
					"$(inherited)",
					"@executable_path/Frameworks",
					"@loader_path/Frameworks",
				);
				PRODUCT_BUNDLE_IDENTIFIER = "Instabug.Instabug-iOS-AssessmentUITests";
				PRODUCT_NAME = "$(TARGET_NAME)";
				SWIFT_VERSION = 4.2;
				TARGETED_DEVICE_FAMILY = "1,2";
				TEST_TARGET_NAME = "Instabug-iOS-Assessment";
			};
			name = Debug;
		};
		1056FE2421CCF9FA00DCC489 /* Release */ = {
			isa = XCBuildConfiguration;
			buildSettings = {
				ALWAYS_EMBED_SWIFT_STANDARD_LIBRARIES = YES;
				CODE_SIGN_STYLE = Automatic;
				DEVELOPMENT_TEAM = SCDFL8US66;
				INFOPLIST_FILE = "Instabug-iOS-AssessmentUITests/Info.plist";
				LD_RUNPATH_SEARCH_PATHS = (
					"$(inherited)",
					"@executable_path/Frameworks",
					"@loader_path/Frameworks",
				);
				PRODUCT_BUNDLE_IDENTIFIER = "Instabug.Instabug-iOS-AssessmentUITests";
				PRODUCT_NAME = "$(TARGET_NAME)";
				SWIFT_VERSION = 4.2;
				TARGETED_DEVICE_FAMILY = "1,2";
				TEST_TARGET_NAME = "Instabug-iOS-Assessment";
			};
			name = Release;
		};
/* End XCBuildConfiguration section */

/* Begin XCConfigurationList section */
		1056FDEF21CCF9F800DCC489 /* Build configuration list for PBXProject "Instabug-iOS-Assessment" */ = {
			isa = XCConfigurationList;
			buildConfigurations = (
				1056FE1A21CCF9FA00DCC489 /* Debug */,
				1056FE1B21CCF9FA00DCC489 /* Release */,
			);
			defaultConfigurationIsVisible = 0;
			defaultConfigurationName = Release;
		};
		1056FE1C21CCF9FA00DCC489 /* Build configuration list for PBXNativeTarget "Instabug-iOS-Assessment" */ = {
			isa = XCConfigurationList;
			buildConfigurations = (
				1056FE1D21CCF9FA00DCC489 /* Debug */,
				1056FE1E21CCF9FA00DCC489 /* Release */,
			);
			defaultConfigurationIsVisible = 0;
			defaultConfigurationName = Release;
		};
		1056FE1F21CCF9FA00DCC489 /* Build configuration list for PBXNativeTarget "Instabug-iOS-AssessmentTests" */ = {
			isa = XCConfigurationList;
			buildConfigurations = (
				1056FE2021CCF9FA00DCC489 /* Debug */,
				1056FE2121CCF9FA00DCC489 /* Release */,
			);
			defaultConfigurationIsVisible = 0;
			defaultConfigurationName = Release;
		};
		1056FE2221CCF9FA00DCC489 /* Build configuration list for PBXNativeTarget "Instabug-iOS-AssessmentUITests" */ = {
			isa = XCConfigurationList;
			buildConfigurations = (
				1056FE2321CCF9FA00DCC489 /* Debug */,
				1056FE2421CCF9FA00DCC489 /* Release */,
			);
			defaultConfigurationIsVisible = 0;
			defaultConfigurationName = Release;
		};
/* End XCConfigurationList section */
	};
	rootObject = 1056FDEC21CCF9F800DCC489 /* Project object */;
}
